
Microsoft Visual Studio Solution File, Format Version 12.00
# Visual Studio Version 16
VisualStudioVersion = 16.0.29709.97
MinimumVisualStudioVersion = 10.0.40219.1
Project("{FAE04EC0-301F-11D3-BF4B-00C04F79EFBC}") = "InMemoryQuartzSampleWebAPI", "InMemoryQuartzSampleWebAPI\InMemoryQuartzSampleWebAPI.csproj", "{F42892B7-236D-4832-9700-37304DC102D2}"
EndProject
Global
	GlobalSection(SolutionConfigurationPlatforms) = preSolution
		Debug|Any CPU = Debug|Any CPU
		Release|Any CPU = Release|Any CPU
	EndGlobalSection
	GlobalSection(ProjectConfigurationPlatforms) = postSolution
		{F42892B7-236D-4832-9700-37304DC102D2}.Debug|Any CPU.ActiveCfg = Debug|Any CPU
		{F42892B7-236D-4832-9700-37304DC102D2}.Debug|Any CPU.Build.0 = Debug|Any CPU
		{F42892B7-236D-4832-9700-37304DC102D2}.Release|Any CPU.ActiveCfg = Release|Any CPU
		{F42892B7-236D-4832-9700-37304DC102D2}.Release|Any CPU.Build.0 = Release|Any CPU
	EndGlobalSection
	GlobalSection(SolutionProperties) = preSolution
		HideSolutionNode = FALSE
	EndGlobalSection
	GlobalSection(ExtensibilityGlobals) = postSolution
		SolutionGuid = {E0938969-7107-44D0-BD81-0261D5CFB45C}
	EndGlobalSection
EndGlobal
